
Microsoft Visual Studio Solution File, Format Version 12.00
# Visual Studio Version 17
VisualStudioVersion = 17.11.35327.3
MinimumVisualStudioVersion = 10.0.40219.1
Project("{FAE04EC0-301F-11D3-BF4B-00C04F79EFBC}") = "ProyectoFinal", "ProyectoFinal\ProyectoFinal.csproj", "{D205718C-C4D7-4CF6-8D61-F7DEE37607B9}"
EndProject
Global
	GlobalSection(SolutionConfigurationPlatforms) = preSolution
		Debug|Any CPU = Debug|Any CPU
		Release|Any CPU = Release|Any CPU
	EndGlobalSection
	GlobalSection(ProjectConfigurationPlatforms) = postSolution
		{D205718C-C4D7-4CF6-8D61-F7DEE37607B9}.Debug|Any CPU.ActiveCfg = Debug|Any CPU
		{D205718C-C4D7-4CF6-8D61-F7DEE37607B9}.Debug|Any CPU.Build.0 = Debug|Any CPU
		{D205718C-C4D7-4CF6-8D61-F7DEE37607B9}.Release|Any CPU.ActiveCfg = Release|Any CPU
		{D205718C-C4D7-4CF6-8D61-F7DEE37607B9}.Release|Any CPU.Build.0 = Release|Any CPU
	EndGlobalSection
	GlobalSection(SolutionProperties) = preSolution
		HideSolutionNode = FALSE
	EndGlobalSection
	GlobalSection(ExtensibilityGlobals) = postSolution
		SolutionGuid = {FD669859-8BFD-4D6C-8304-A1895165BEAC}
	EndGlobalSection
EndGlobal
